
Microsoft Visual Studio Solution File, Format Version 12.00
# Visual Studio Version 16
VisualStudioVersion = 16.0.31702.278
MinimumVisualStudioVersion = 10.0.40219.1
Project("{FAE04EC0-301F-11D3-BF4B-00C04F79EFBC}") = "GeoSys.Api", "GeoSys.Api\GeoSys.Api.csproj", "{2C51BCC0-4918-48BB-A239-427CA85FE2F3}"
EndProject
Project("{FAE04EC0-301F-11D3-BF4B-00C04F79EFBC}") = "GeoSys.DAL", "GeoSys.DAL\GeoSys.DAL.csproj", "{55B34279-EB05-41AF-99AF-A03D0A9A5CDC}"
EndProject
Project("{FAE04EC0-301F-11D3-BF4B-00C04F79EFBC}") = "GeoSys.Domain", "GeoSys.Domain\GeoSys.Domain.csproj", "{711995AA-CA3F-4472-AB6A-A7444E194EB8}"
EndProject
Project("{FAE04EC0-301F-11D3-BF4B-00C04F79EFBC}") = "GeoSys.Services", "GeoSys.Services\GeoSys.Services.csproj", "{B63939B8-166D-4693-BB45-F32869D7A4FD}"
EndProject
Project("{FAE04EC0-301F-11D3-BF4B-00C04F79EFBC}") = "GeoSys.UI", "GeoSys.UI\GeoSys.UI.csproj", "{137CD23F-0587-40F5-95B3-07555EF25A61}"
EndProject
Global
	GlobalSection(SolutionConfigurationPlatforms) = preSolution
		Debug|Any CPU = Debug|Any CPU
		Release|Any CPU = Release|Any CPU
	EndGlobalSection
	GlobalSection(ProjectConfigurationPlatforms) = postSolution
		{2C51BCC0-4918-48BB-A239-427CA85FE2F3}.Debug|Any CPU.ActiveCfg = Debug|Any CPU
		{2C51BCC0-4918-48BB-A239-427CA85FE2F3}.Debug|Any CPU.Build.0 = Debug|Any CPU
		{2C51BCC0-4918-48BB-A239-427CA85FE2F3}.Release|Any CPU.ActiveCfg = Release|Any CPU
		{2C51BCC0-4918-48BB-A239-427CA85FE2F3}.Release|Any CPU.Build.0 = Release|Any CPU
		{55B34279-EB05-41AF-99AF-A03D0A9A5CDC}.Debug|Any CPU.ActiveCfg = Debug|Any CPU
		{55B34279-EB05-41AF-99AF-A03D0A9A5CDC}.Debug|Any CPU.Build.0 = Debug|Any CPU
		{55B34279-EB05-41AF-99AF-A03D0A9A5CDC}.Release|Any CPU.ActiveCfg = Release|Any CPU
		{55B34279-EB05-41AF-99AF-A03D0A9A5CDC}.Release|Any CPU.Build.0 = Release|Any CPU
		{711995AA-CA3F-4472-AB6A-A7444E194EB8}.Debug|Any CPU.ActiveCfg = Debug|Any CPU
		{711995AA-CA3F-4472-AB6A-A7444E194EB8}.Debug|Any CPU.Build.0 = Debug|Any CPU
		{711995AA-CA3F-4472-AB6A-A7444E194EB8}.Release|Any CPU.ActiveCfg = Release|Any CPU
		{711995AA-CA3F-4472-AB6A-A7444E194EB8}.Release|Any CPU.Build.0 = Release|Any CPU
		{B63939B8-166D-4693-BB45-F32869D7A4FD}.Debug|Any CPU.ActiveCfg = Debug|Any CPU
		{B63939B8-166D-4693-BB45-F32869D7A4FD}.Debug|Any CPU.Build.0 = Debug|Any CPU
		{B63939B8-166D-4693-BB45-F32869D7A4FD}.Release|Any CPU.ActiveCfg = Release|Any CPU
		{B63939B8-166D-4693-BB45-F32869D7A4FD}.Release|Any CPU.Build.0 = Release|Any CPU
		{137CD23F-0587-40F5-95B3-07555EF25A61}.Debug|Any CPU.ActiveCfg = Debug|Any CPU
		{137CD23F-0587-40F5-95B3-07555EF25A61}.Debug|Any CPU.Build.0 = Debug|Any CPU
		{137CD23F-0587-40F5-95B3-07555EF25A61}.Release|Any CPU.ActiveCfg = Release|Any CPU
		{137CD23F-0587-40F5-95B3-07555EF25A61}.Release|Any CPU.Build.0 = Release|Any CPU
	EndGlobalSection
	GlobalSection(SolutionProperties) = preSolution
		HideSolutionNode = FALSE
	EndGlobalSection
	GlobalSection(ExtensibilityGlobals) = postSolution
		SolutionGuid = {B04B64A0-8FE3-4287-82C9-48B07B7EEB90}
	EndGlobalSection
EndGlobal
